
Microsoft Visual Studio Solution File, Format Version 12.00
# Visual Studio Version 17
VisualStudioVersion = 17.4.33213.308
MinimumVisualStudioVersion = 10.0.40219.1
Project("{FAE04EC0-301F-11D3-BF4B-00C04F79EFBC}") = "Perevodchik_2.0", "Perevodchik_2.0\Perevodchik_2.0.csproj", "{BC037DE8-50B0-46FD-9630-6A43E084940F}"
EndProject
Global
	GlobalSection(SolutionConfigurationPlatforms) = preSolution
		Debug|Any CPU = Debug|Any CPU
		Release|Any CPU = Release|Any CPU
	EndGlobalSection
	GlobalSection(ProjectConfigurationPlatforms) = postSolution
		{BC037DE8-50B0-46FD-9630-6A43E084940F}.Debug|Any CPU.ActiveCfg = Debug|Any CPU
		{BC037DE8-50B0-46FD-9630-6A43E084940F}.Debug|Any CPU.Build.0 = Debug|Any CPU
		{BC037DE8-50B0-46FD-9630-6A43E084940F}.Release|Any CPU.ActiveCfg = Release|Any CPU
		{BC037DE8-50B0-46FD-9630-6A43E084940F}.Release|Any CPU.Build.0 = Release|Any CPU
	EndGlobalSection
	GlobalSection(SolutionProperties) = preSolution
		HideSolutionNode = FALSE
	EndGlobalSection
	GlobalSection(ExtensibilityGlobals) = postSolution
		SolutionGuid = {9D0D3F87-C52C-4A79-9B9F-B3DF9EB3467E}
	EndGlobalSection
EndGlobal
